github.com/fumiama/imgsz v0.0.4 h1:Lsasu2hdSSFS+vnD+nvR1UkiRMK7hcpyYCC0FzgSMFI=
github.com/fumiama/imgsz v0.0.4/go.mod h1:bISOQVTlw9sRytPwe8ir7tAaEmyz9hSNj9n8mXMBG0E=
golang.org/x/image v0.23.0 h1:HseQ7c2OpPKTPVzNjG5fwJsOTCiiwS4QdsYi5XU6H68=
golang.org/x/image v0.23.0/go.mod h1:wJJBTdLfCCf3tiHa1fNxpZmUI4mmoZvwMCPP0ddoNKY=
